
Microsoft Visual Studio Solution File, Format Version 12.00
# Visual Studio Version 16
VisualStudioVersion = 16.0.810.16
MinimumVisualStudioVersion = 10.0.40219.1
Project("{FAE04EC0-301F-11D3-BF4B-00C04F79EFBC}") = "xkcd-archiver", "xkcd-archiver.csproj", "{671ECA5E-974D-47BB-9728-B9ACA6FFC6C2}"
EndProject
Global
	GlobalSection(SolutionConfigurationPlatforms) = preSolution
		Debug|Any CPU = Debug|Any CPU
		Release|Any CPU = Release|Any CPU
	EndGlobalSection
	GlobalSection(ProjectConfigurationPlatforms) = postSolution
		{671ECA5E-974D-47BB-9728-B9ACA6FFC6C2}.Debug|Any CPU.ActiveCfg = Debug|Any CPU
		{671ECA5E-974D-47BB-9728-B9ACA6FFC6C2}.Debug|Any CPU.Build.0 = Debug|Any CPU
		{671ECA5E-974D-47BB-9728-B9ACA6FFC6C2}.Release|Any CPU.ActiveCfg = Release|Any CPU
		{671ECA5E-974D-47BB-9728-B9ACA6FFC6C2}.Release|Any CPU.Build.0 = Release|Any CPU
	EndGlobalSection
	GlobalSection(SolutionProperties) = preSolution
		HideSolutionNode = FALSE
	EndGlobalSection
	GlobalSection(ExtensibilityGlobals) = postSolution
		SolutionGuid = {02A04693-F7B3-4BE4-BEFA-2193C2D99AC1}
	EndGlobalSection
EndGlobal
